
Microsoft Visual Studio Solution File, Format Version 12.00
# Visual Studio Version 17
VisualStudioVersion = 17.5.33530.505
MinimumVisualStudioVersion = 10.0.40219.1
Project("{FAE04EC0-301F-11D3-BF4B-00C04F79EFBC}") = "sof_curs", "sof_curs.csproj", "{DB5A68F8-BC35-40BA-AA36-684E10B83342}"
EndProject
Global
	GlobalSection(SolutionConfigurationPlatforms) = preSolution
		Debug|Any CPU = Debug|Any CPU
		Release|Any CPU = Release|Any CPU
	EndGlobalSection
	GlobalSection(ProjectConfigurationPlatforms) = postSolution
		{DB5A68F8-BC35-40BA-AA36-684E10B83342}.Debug|Any CPU.ActiveCfg = Debug|Any CPU
		{DB5A68F8-BC35-40BA-AA36-684E10B83342}.Debug|Any CPU.Build.0 = Debug|Any CPU
		{DB5A68F8-BC35-40BA-AA36-684E10B83342}.Release|Any CPU.ActiveCfg = Release|Any CPU
		{DB5A68F8-BC35-40BA-AA36-684E10B83342}.Release|Any CPU.Build.0 = Release|Any CPU
	EndGlobalSection
	GlobalSection(SolutionProperties) = preSolution
		HideSolutionNode = FALSE
	EndGlobalSection
	GlobalSection(ExtensibilityGlobals) = postSolution
		SolutionGuid = {962C5A47-A62C-4AC7-B903-0F196E096626}
	EndGlobalSection
EndGlobal
